
Microsoft Visual Studio Solution File, Format Version 12.00
# Visual Studio Version 16
VisualStudioVersion = 16.0.30002.166
MinimumVisualStudioVersion = 10.0.40219.1
Project("{9A19103F-16F7-4668-BE54-9A1E7A4F7556}") = "VendingMachine", "VendingMachine\VendingMachine.csproj", "{D1B0DBBB-0B37-4A46-BC42-9CDEB00BAA03}"
EndProject
Project("{9A19103F-16F7-4668-BE54-9A1E7A4F7556}") = "VendingMachine.Tests", "VendingMachine.Tests\VendingMachine.Tests.csproj", "{D314A35C-9E78-4AD8-88D7-C706C554AE91}"
EndProject
Global
	GlobalSection(SolutionConfigurationPlatforms) = preSolution
		Debug|Any CPU = Debug|Any CPU
		Release|Any CPU = Release|Any CPU
	EndGlobalSection
	GlobalSection(ProjectConfigurationPlatforms) = postSolution
		{D1B0DBBB-0B37-4A46-BC42-9CDEB00BAA03}.Debug|Any CPU.ActiveCfg = Debug|Any CPU
		{D1B0DBBB-0B37-4A46-BC42-9CDEB00BAA03}.Debug|Any CPU.Build.0 = Debug|Any CPU
		{D1B0DBBB-0B37-4A46-BC42-9CDEB00BAA03}.Release|Any CPU.ActiveCfg = Release|Any CPU
		{D1B0DBBB-0B37-4A46-BC42-9CDEB00BAA03}.Release|Any CPU.Build.0 = Release|Any CPU
		{D314A35C-9E78-4AD8-88D7-C706C554AE91}.Debug|Any CPU.ActiveCfg = Debug|Any CPU
		{D314A35C-9E78-4AD8-88D7-C706C554AE91}.Debug|Any CPU.Build.0 = Debug|Any CPU
		{D314A35C-9E78-4AD8-88D7-C706C554AE91}.Release|Any CPU.ActiveCfg = Release|Any CPU
		{D314A35C-9E78-4AD8-88D7-C706C554AE91}.Release|Any CPU.Build.0 = Release|Any CPU
	EndGlobalSection
	GlobalSection(SolutionProperties) = preSolution
		HideSolutionNode = FALSE
	EndGlobalSection
	GlobalSection(ExtensibilityGlobals) = postSolution
		SolutionGuid = {58F79367-7932-45E4-9BA7-81A7239082E7}
	EndGlobalSection
EndGlobal
